// !$*UTF8*$!
{
	archiveVersion = 1;
	classes = {
	};
	objectVersion = 46;
	objects = {

/* Begin PBXBuildFile section */
		076273A11F24E3D10081BCD2 /* HTTPMethodEnum.swift in Sources */ = {isa = PBXBuildFile; fileRef = 076273A01F24E3D10081BCD2 /* HTTPMethodEnum.swift */; };
		076273A31F24E4000081BCD2 /* Request.swift in Sources */ = {isa = PBXBuildFile; fileRef = 076273A21F24E4000081BCD2 /* Request.swift */; };
		076273A51F24E4330081BCD2 /* RequestBuilder.swift in Sources */ = {isa = PBXBuildFile; fileRef = 076273A41F24E4330081BCD2 /* RequestBuilder.swift */; };
		076273A71F24E4800081BCD2 /* ErrorResponse.swift in Sources */ = {isa = PBXBuildFile; fileRef = 076273A61F24E4800081BCD2 /* ErrorResponse.swift */; };
		076273A91F24E49B0081BCD2 /* Mappable.swift in Sources */ = {isa = PBXBuildFile; fileRef = 076273A81F24E49B0081BCD2 /* Mappable.swift */; };
		076273AB1F24E4D50081BCD2 /* ParseMappableObject.swift in Sources */ = {isa = PBXBuildFile; fileRef = 076273AA1F24E4D50081BCD2 /* ParseMappableObject.swift */; };
		078A833D1F127F8B001DE1E7 /* retrofire.framework in Frameworks */ = {isa = PBXBuildFile; fileRef = 078A83331F127F8B001DE1E7 /* retrofire.framework */; };
		078A83441F127F8B001DE1E7 /* retrofire.h in Headers */ = {isa = PBXBuildFile; fileRef = 078A83361F127F8B001DE1E7 /* retrofire.h */; settings = {ATTRIBUTES = (Public, ); }; };
		078A834E1F12832D001DE1E7 /* RemoteBase.swift in Sources */ = {isa = PBXBuildFile; fileRef = 078A834D1F12832D001DE1E7 /* RemoteBase.swift */; };
		078A83501F12834D001DE1E7 /* RemoteBaseTest.swift in Sources */ = {isa = PBXBuildFile; fileRef = 078A834F1F12834D001DE1E7 /* RemoteBaseTest.swift */; };
		078A83521F128A56001DE1E7 /* Call.swift in Sources */ = {isa = PBXBuildFile; fileRef = 078A83511F128A56001DE1E7 /* Call.swift */; };
		9DB66C207132A11460F165C9 /* Pods_retrofireTests.framework in Frameworks */ = {isa = PBXBuildFile; fileRef = 6EDF12732F975D97A9B0158F /* Pods_retrofireTests.framework */; };
		C0FC7B8D2195099FB1330ACB /* Pods_retrofire.framework in Frameworks */ = {isa = PBXBuildFile; fileRef = DC59058679A53250CE99F9C8 /* Pods_retrofire.framework */; };
/* End PBXBuildFile section */

/* Begin PBXContainerItemProxy section */
		078A833E1F127F8B001DE1E7 /* PBXContainerItemProxy */ = {
			isa = PBXContainerItemProxy;
			containerPortal = 078A832A1F127F8B001DE1E7 /* Project object */;
			proxyType = 1;
			remoteGlobalIDString = 078A83321F127F8B001DE1E7;
			remoteInfo = retrofire;
		};
/* End PBXContainerItemProxy section */

/* Begin PBXFileReference section */
		076273A01F24E3D10081BCD2 /* HTTPMethodEnum.swift */ = {isa = PBXFileReference; fileEncoding = 4; lastKnownFileType = sourcecode.swift; path = HTTPMethodEnum.swift; sourceTree = "<group>"; };
		076273A21F24E4000081BCD2 /* Request.swift */ = {isa = PBXFileReference; fileEncoding = 4; lastKnownFileType = sourcecode.swift; path = Request.swift; sourceTree = "<group>"; };
		076273A41F24E4330081BCD2 /* RequestBuilder.swift */ = {isa = PBXFileReference; fileEncoding = 4; lastKnownFileType = sourcecode.swift; path = RequestBuilder.swift; sourceTree = "<group>"; };
		076273A61F24E4800081BCD2 /* ErrorResponse.swift */ = {isa = PBXFileReference; fileEncoding = 4; lastKnownFileType = sourcecode.swift; path = ErrorResponse.swift; sourceTree = "<group>"; };
		076273A81F24E49B0081BCD2 /* Mappable.swift */ = {isa = PBXFileReference; fileEncoding = 4; lastKnownFileType = sourcecode.swift; path = Mappable.swift; sourceTree = "<group>"; };
		076273AA1F24E4D50081BCD2 /* ParseMappableObject.swift */ = {isa = PBXFileReference; fileEncoding = 4; lastKnownFileType = sourcecode.swift; path = ParseMappableObject.swift; sourceTree = "<group>"; };
		078A83331F127F8B001DE1E7 /* retrofire.framework */ = {isa = PBXFileReference; explicitFileType = wrapper.framework; includeInIndex = 0; path = retrofire.framework; sourceTree = BUILT_PRODUCTS_DIR; };
		078A83361F127F8B001DE1E7 /* retrofire.h */ = {isa = PBXFileReference; lastKnownFileType = sourcecode.c.h; path = retrofire.h; sourceTree = "<group>"; };
		078A83371F127F8B001DE1E7 /* Info.plist */ = {isa = PBXFileReference; lastKnownFileType = text.plist.xml; path = Info.plist; sourceTree = "<group>"; };
		078A833C1F127F8B001DE1E7 /* retrofireTests.xctest */ = {isa = PBXFileReference; explicitFileType = wrapper.cfbundle; includeInIndex = 0; path = retrofireTests.xctest; sourceTree = BUILT_PRODUCTS_DIR; };
		078A83431F127F8B001DE1E7 /* Info.plist */ = {isa = PBXFileReference; lastKnownFileType = text.plist.xml; path = Info.plist; sourceTree = "<group>"; };
		078A834D1F12832D001DE1E7 /* RemoteBase.swift */ = {isa = PBXFileReference; fileEncoding = 4; lastKnownFileType = sourcecode.swift; path = RemoteBase.swift; sourceTree = "<group>"; };
		078A834F1F12834D001DE1E7 /* RemoteBaseTest.swift */ = {isa = PBXFileReference; fileEncoding = 4; lastKnownFileType = sourcecode.swift; path = RemoteBaseTest.swift; sourceTree = "<group>"; };
		078A83511F128A56001DE1E7 /* Call.swift */ = {isa = PBXFileReference; fileEncoding = 4; lastKnownFileType = sourcecode.swift; path = Call.swift; sourceTree = "<group>"; };
		344E6AD1FE0B8C930DFB66BF /* Pods-retrofire.release.xcconfig */ = {isa = PBXFileReference; includeInIndex = 1; lastKnownFileType = text.xcconfig; name = "Pods-retrofire.release.xcconfig"; path = "Pods/Target Support Files/Pods-retrofire/Pods-retrofire.release.xcconfig"; sourceTree = "<group>"; };
		5E38A0752663921602FFA9FC /* Pods-retrofireTests.release.xcconfig */ = {isa = PBXFileReference; includeInIndex = 1; lastKnownFileType = text.xcconfig; name = "Pods-retrofireTests.release.xcconfig"; path = "Pods/Target Support Files/Pods-retrofireTests/Pods-retrofireTests.release.xcconfig"; sourceTree = "<group>"; };
		6EDF12732F975D97A9B0158F /* Pods_retrofireTests.framework */ = {isa = PBXFileReference; explicitFileType = wrapper.framework; includeInIndex = 0; path = Pods_retrofireTests.framework; sourceTree = BUILT_PRODUCTS_DIR; };
		7805A56306A0825FFB9C4D48 /* Pods-retrofire.debug.xcconfig */ = {isa = PBXFileReference; includeInIndex = 1; lastKnownFileType = text.xcconfig; name = "Pods-retrofire.debug.xcconfig"; path = "Pods/Target Support Files/Pods-retrofire/Pods-retrofire.debug.xcconfig"; sourceTree = "<group>"; };
		D8C8BA0DAE93FAF32CFF784A /* Pods-retrofireTests.debug.xcconfig */ = {isa = PBXFileReference; includeInIndex = 1; lastKnownFileType = text.xcconfig; name = "Pods-retrofireTests.debug.xcconfig"; path = "Pods/Target Support Files/Pods-retrofireTests/Pods-retrofireTests.debug.xcconfig"; sourceTree = "<group>"; };
		DC59058679A53250CE99F9C8 /* Pods_retrofire.framework */ = {isa = PBXFileReference; explicitFileType = wrapper.framework; includeInIndex = 0; path = Pods_retrofire.framework; sourceTree = BUILT_PRODUCTS_DIR; };
/* End PBXFileReference section */

/* Begin PBXFrameworksBuildPhase section */
		078A832F1F127F8B001DE1E7 /* Frameworks */ = {
			isa = PBXFrameworksBuildPhase;
			buildActionMask = 2147483647;
			files = (
				C0FC7B8D2195099FB1330ACB /* Pods_retrofire.framework in Frameworks */,
			);
			runOnlyForDeploymentPostprocessing = 0;
		};
		078A83391F127F8B001DE1E7 /* Frameworks */ = {
			isa = PBXFrameworksBuildPhase;
			buildActionMask = 2147483647;
			files = (
				078A833D1F127F8B001DE1E7 /* retrofire.framework in Frameworks */,
				9DB66C207132A11460F165C9 /* Pods_retrofireTests.framework in Frameworks */,
			);
			runOnlyForDeploymentPostprocessing = 0;
		};
/* End PBXFrameworksBuildPhase section */

/* Begin PBXGroup section */
		078A83291F127F8B001DE1E7 = {
			isa = PBXGroup;
			children = (
				078A83351F127F8B001DE1E7 /* retrofire */,
				078A83401F127F8B001DE1E7 /* retrofireTests */,
				078A83341F127F8B001DE1E7 /* Products */,
				35E4F7501A306A148E7F0EC8 /* Pods */,
				B3B4D2BFAF2DE667A32F8B02 /* Frameworks */,
			);
			sourceTree = "<group>";
		};
		078A83341F127F8B001DE1E7 /* Products */ = {
			isa = PBXGroup;
			children = (
				078A83331F127F8B001DE1E7 /* retrofire.framework */,
				078A833C1F127F8B001DE1E7 /* retrofireTests.xctest */,
			);
			name = Products;
			sourceTree = "<group>";
		};
		078A83351F127F8B001DE1E7 /* retrofire */ = {
			isa = PBXGroup;
			children = (
				078A83511F128A56001DE1E7 /* Call.swift */,
				078A834D1F12832D001DE1E7 /* RemoteBase.swift */,
				076273A81F24E49B0081BCD2 /* Mappable.swift */,
				076273AA1F24E4D50081BCD2 /* ParseMappableObject.swift */,
				076273A01F24E3D10081BCD2 /* HTTPMethodEnum.swift */,
				076273A21F24E4000081BCD2 /* Request.swift */,
				076273A41F24E4330081BCD2 /* RequestBuilder.swift */,
				076273A61F24E4800081BCD2 /* ErrorResponse.swift */,
				078A83361F127F8B001DE1E7 /* retrofire.h */,
				078A83371F127F8B001DE1E7 /* Info.plist */,
			);
			path = retrofire;
			sourceTree = "<group>";
		};
		078A83401F127F8B001DE1E7 /* retrofireTests */ = {
			isa = PBXGroup;
			children = (
				078A834F1F12834D001DE1E7 /* RemoteBaseTest.swift */,
				078A83431F127F8B001DE1E7 /* Info.plist */,
			);
			path = retrofireTests;
			sourceTree = "<group>";
		};
		35E4F7501A306A148E7F0EC8 /* Pods */ = {
			isa = PBXGroup;
			children = (
				7805A56306A0825FFB9C4D48 /* Pods-retrofire.debug.xcconfig */,
				344E6AD1FE0B8C930DFB66BF /* Pods-retrofire.release.xcconfig */,
				D8C8BA0DAE93FAF32CFF784A /* Pods-retrofireTests.debug.xcconfig */,
				5E38A0752663921602FFA9FC /* Pods-retrofireTests.release.xcconfig */,
			);
			name = Pods;
			sourceTree = "<group>";
		};
		B3B4D2BFAF2DE667A32F8B02 /* Frameworks */ = {
			isa = PBXGroup;
			children = (
				DC59058679A53250CE99F9C8 /* Pods_retrofire.framework */,
				6EDF12732F975D97A9B0158F /* Pods_retrofireTests.framework */,
			);
			name = Frameworks;
			sourceTree = "<group>";
		};
/* End PBXGroup section */

/* Begin PBXHeadersBuildPhase section */
		078A83301F127F8B001DE1E7 /* Headers */ = {
			isa = PBXHeadersBuildPhase;
			buildActionMask = 2147483647;
			files = (
				078A83441F127F8B001DE1E7 /* retrofire.h in Headers */,
			);
			runOnlyForDeploymentPostprocessing = 0;
		};
/* End PBXHeadersBuildPhase section */

/* Begin PBXNativeTarget section */
		078A83321F127F8B001DE1E7 /* retrofire */ = {
			isa = PBXNativeTarget;
			buildConfigurationList = 078A83471F127F8B001DE1E7 /* Build configuration list for PBXNativeTarget "retrofire" */;
			buildPhases = (
				C103B0926D21E84DF4125CBF /* [CP] Check Pods Manifest.lock */,
				078A832E1F127F8B001DE1E7 /* Sources */,
				078A832F1F127F8B001DE1E7 /* Frameworks */,
				078A83301F127F8B001DE1E7 /* Headers */,
				078A83311F127F8B001DE1E7 /* Resources */,
				FC9CD57D7F0C9A5E57C40EBD /* [CP] Copy Pods Resources */,
			);
			buildRules = (
			);
			dependencies = (
			);
			name = retrofire;
			productName = retrofire;
			productReference = 078A83331F127F8B001DE1E7 /* retrofire.framework */;
			productType = "com.apple.product-type.framework";
		};
		078A833B1F127F8B001DE1E7 /* retrofireTests */ = {
			isa = PBXNativeTarget;
			buildConfigurationList = 078A834A1F127F8B001DE1E7 /* Build configuration list for PBXNativeTarget "retrofireTests" */;
			buildPhases = (
				F47C52B9AA686AE8853039C4 /* [CP] Check Pods Manifest.lock */,
				078A83381F127F8B001DE1E7 /* Sources */,
				078A83391F127F8B001DE1E7 /* Frameworks */,
				078A833A1F127F8B001DE1E7 /* Resources */,
				734090C44B16BA9AA1D1A8E4 /* [CP] Embed Pods Frameworks */,
				C28B7457EC6500C6ADC3D71C /* [CP] Copy Pods Resources */,
			);
			buildRules = (
			);
			dependencies = (
				078A833F1F127F8B001DE1E7 /* PBXTargetDependency */,
			);
			name = retrofireTests;
			productName = retrofireTests;
			productReference = 078A833C1F127F8B001DE1E7 /* retrofireTests.xctest */;
			productType = "com.apple.product-type.bundle.unit-test";
		};
/* End PBXNativeTarget section */

/* Begin PBXProject section */
		078A832A1F127F8B001DE1E7 /* Project object */ = {
			isa = PBXProject;
			attributes = {
				LastSwiftUpdateCheck = 0830;
				LastUpgradeCheck = 0830;
				ORGANIZATIONNAME = Stant;
				TargetAttributes = {
					078A83321F127F8B001DE1E7 = {
						CreatedOnToolsVersion = 8.3.3;
						DevelopmentTeam = SWAFF648KE;
						LastSwiftMigration = 0830;
						ProvisioningStyle = Automatic;
					};
					078A833B1F127F8B001DE1E7 = {
						CreatedOnToolsVersion = 8.3.3;
						DevelopmentTeam = SWAFF648KE;
						ProvisioningStyle = Automatic;
					};
				};
			};
			buildConfigurationList = 078A832D1F127F8B001DE1E7 /* Build configuration list for PBXProject "retrofire" */;
			compatibilityVersion = "Xcode 3.2";
			developmentRegion = English;
			hasScannedForEncodings = 0;
			knownRegions = (
				en,
			);
			mainGroup = 078A83291F127F8B001DE1E7;
			productRefGroup = 078A83341F127F8B001DE1E7 /* Products */;
			projectDirPath = "";
			projectRoot = "";
			targets = (
				078A83321F127F8B001DE1E7 /* retrofire */,
				078A833B1F127F8B001DE1E7 /* retrofireTests */,
			);
		};
/* End PBXProject section */

/* Begin PBXResourcesBuildPhase section */
		078A83311F127F8B001DE1E7 /* Resources */ = {
			isa = PBXResourcesBuildPhase;
			buildActionMask = 2147483647;
			files = (
			);
			runOnlyForDeploymentPostprocessing = 0;
		};
		078A833A1F127F8B001DE1E7 /* Resources */ = {
			isa = PBXResourcesBuildPhase;
			buildActionMask = 2147483647;
			files = (
			);
			runOnlyForDeploymentPostprocessing = 0;
		};
/* End PBXResourcesBuildPhase section */

/* Begin PBXShellScriptBuildPhase section */
		734090C44B16BA9AA1D1A8E4 /* [CP] Embed Pods Frameworks */ = {
			isa = PBXShellScriptBuildPhase;
			buildActionMask = 2147483647;
			files = (
			);
			inputPaths = (
			);
			name = "[CP] Embed Pods Frameworks";
			outputPaths = (
			);
			runOnlyForDeploymentPostprocessing = 0;
			shellPath = /bin/sh;
			shellScript = "\"${SRCROOT}/Pods/Target Support Files/Pods-retrofireTests/Pods-retrofireTests-frameworks.sh\"\n";
			showEnvVarsInLog = 0;
		};
		C103B0926D21E84DF4125CBF /* [CP] Check Pods Manifest.lock */ = {
			isa = PBXShellScriptBuildPhase;
			buildActionMask = 2147483647;
			files = (
			);
			inputPaths = (
			);
			name = "[CP] Check Pods Manifest.lock";
			outputPaths = (
			);
			runOnlyForDeploymentPostprocessing = 0;
			shellPath = /bin/sh;
			shellScript = "diff \"${PODS_PODFILE_DIR_PATH}/Podfile.lock\" \"${PODS_ROOT}/Manifest.lock\" > /dev/null\nif [ $? != 0 ] ; then\n    # print error to STDERR\n    echo \"error: The sandbox is not in sync with the Podfile.lock. Run 'pod install' or update your CocoaPods installation.\" >&2\n    exit 1\nfi\n";
			showEnvVarsInLog = 0;
		};
		C28B7457EC6500C6ADC3D71C /* [CP] Copy Pods Resources */ = {
			isa = PBXShellScriptBuildPhase;
			buildActionMask = 2147483647;
			files = (
			);
			inputPaths = (
			);
			name = "[CP] Copy Pods Resources";
			outputPaths = (
			);
			runOnlyForDeploymentPostprocessing = 0;
			shellPath = /bin/sh;
			shellScript = "\"${SRCROOT}/Pods/Target Support Files/Pods-retrofireTests/Pods-retrofireTests-resources.sh\"\n";
			showEnvVarsInLog = 0;
		};
		F47C52B9AA686AE8853039C4 /* [CP] Check Pods Manifest.lock */ = {
			isa = PBXShellScriptBuildPhase;
			buildActionMask = 2147483647;
			files = (
			);
			inputPaths = (
			);
			name = "[CP] Check Pods Manifest.lock";
			outputPaths = (
			);
			runOnlyForDeploymentPostprocessing = 0;
			shellPath = /bin/sh;
			shellScript = "diff \"${PODS_PODFILE_DIR_PATH}/Podfile.lock\" \"${PODS_ROOT}/Manifest.lock\" > /dev/null\nif [ $? != 0 ] ; then\n    # print error to STDERR\n    echo \"error: The sandbox is not in sync with the Podfile.lock. Run 'pod install' or update your CocoaPods installation.\" >&2\n    exit 1\nfi\n";
			showEnvVarsInLog = 0;
		};
		FC9CD57D7F0C9A5E57C40EBD /* [CP] Copy Pods Resources */ = {
			isa = PBXShellScriptBuildPhase;
			buildActionMask = 2147483647;
			files = (
			);
			inputPaths = (
			);
			name = "[CP] Copy Pods Resources";
			outputPaths = (
			);
			runOnlyForDeploymentPostprocessing = 0;
			shellPath = /bin/sh;
			shellScript = "\"${SRCROOT}/Pods/Target Support Files/Pods-retrofire/Pods-retrofire-resources.sh\"\n";
			showEnvVarsInLog = 0;
		};
/* End PBXShellScriptBuildPhase section */

/* Begin PBXSourcesBuildPhase section */
		078A832E1F127F8B001DE1E7 /* Sources */ = {
			isa = PBXSourcesBuildPhase;
			buildActionMask = 2147483647;
			files = (
				076273AB1F24E4D50081BCD2 /* ParseMappableObject.swift in Sources */,
				076273A51F24E4330081BCD2 /* RequestBuilder.swift in Sources */,
				076273A91F24E49B0081BCD2 /* Mappable.swift in Sources */,
				076273A11F24E3D10081BCD2 /* HTTPMethodEnum.swift in Sources */,
				076273A31F24E4000081BCD2 /* Request.swift in Sources */,
				076273A71F24E4800081BCD2 /* ErrorResponse.swift in Sources */,
				078A834E1F12832D001DE1E7 /* RemoteBase.swift in Sources */,
				078A83521F128A56001DE1E7 /* Call.swift in Sources */,
			);
			runOnlyForDeploymentPostprocessing = 0;
		};
		078A83381F127F8B001DE1E7 /* Sources */ = {
			isa = PBXSourcesBuildPhase;
			buildActionMask = 2147483647;
			files = (
				078A83501F12834D001DE1E7 /* RemoteBaseTest.swift in Sources */,
			);
			runOnlyForDeploymentPostprocessing = 0;
		};
/* End PBXSourcesBuildPhase section */

/* Begin PBXTargetDependency section */
		078A833F1F127F8B001DE1E7 /* PBXTargetDependency */ = {
			isa = PBXTargetDependency;
			target = 078A83321F127F8B001DE1E7 /* retrofire */;
			targetProxy = 078A833E1F127F8B001DE1E7 /* PBXContainerItemProxy */;
		};
/* End PBXTargetDependency section */

/* Begin XCBuildConfiguration section */
		078A83451F127F8B001DE1E7 /* Debug */ = {
			isa = XCBuildConfiguration;
			buildSettings = {
				ALWAYS_SEARCH_USER_PATHS = NO;
				CLANG_ANALYZER_NONNULL = YES;
				CLANG_ANALYZER_NUMBER_OBJECT_CONVERSION = YES_AGGRESSIVE;
				CLANG_CXX_LANGUAGE_STANDARD = "gnu++0x";
				CLANG_CXX_LIBRARY = "libc++";
				CLANG_ENABLE_MODULES = YES;
				CLANG_ENABLE_OBJC_ARC = YES;
				CLANG_WARN_BOOL_CONVERSION = YES;
				CLANG_WARN_CONSTANT_CONVERSION = YES;
				CLANG_WARN_DIRECT_OBJC_ISA_USAGE = YES_ERROR;
				CLANG_WARN_DOCUMENTATION_COMMENTS = YES;
				CLANG_WARN_EMPTY_BODY = YES;
				CLANG_WARN_ENUM_CONVERSION = YES;
				CLANG_WARN_INFINITE_RECURSION = YES;
				CLANG_WARN_INT_CONVERSION = YES;
				CLANG_WARN_OBJC_ROOT_CLASS = YES_ERROR;
				CLANG_WARN_SUSPICIOUS_MOVE = YES;
				CLANG_WARN_UNREACHABLE_CODE = YES;
				CLANG_WARN__DUPLICATE_METHOD_MATCH = YES;
				"CODE_SIGN_IDENTITY[sdk=iphoneos*]" = "iPhone Developer";
				COPY_PHASE_STRIP = NO;
				CURRENT_PROJECT_VERSION = 1;
				DEBUG_INFORMATION_FORMAT = dwarf;
				ENABLE_STRICT_OBJC_MSGSEND = YES;
				ENABLE_TESTABILITY = YES;
				GCC_C_LANGUAGE_STANDARD = gnu99;
				GCC_DYNAMIC_NO_PIC = NO;
				GCC_NO_COMMON_BLOCKS = YES;
				GCC_OPTIMIZATION_LEVEL = 0;
				GCC_PREPROCESSOR_DEFINITIONS = (
					"DEBUG=1",
					"$(inherited)",
				);
				GCC_WARN_64_TO_32_BIT_CONVERSION = YES;
				GCC_WARN_ABOUT_RETURN_TYPE = YES_ERROR;
				GCC_WARN_UNDECLARED_SELECTOR = YES;
				GCC_WARN_UNINITIALIZED_AUTOS = YES_AGGRESSIVE;
				GCC_WARN_UNUSED_FUNCTION = YES;
				GCC_WARN_UNUSED_VARIABLE = YES;
				IPHONEOS_DEPLOYMENT_TARGET = 10.3;
				MTL_ENABLE_DEBUG_INFO = YES;
				ONLY_ACTIVE_ARCH = YES;
				SDKROOT = iphoneos;
				SWIFT_ACTIVE_COMPILATION_CONDITIONS = DEBUG;
				SWIFT_OPTIMIZATION_LEVEL = "-Onone";
				TARGETED_DEVICE_FAMILY = "1,2";
				VERSIONING_SYSTEM = "apple-generic";
				VERSION_INFO_PREFIX = "";
			};
			name = Debug;
		};
		078A83461F127F8B001DE1E7 /* Release */ = {
			isa = XCBuildConfiguration;
			buildSettings = {
				ALWAYS_SEARCH_USER_PATHS = NO;
				CLANG_ANALYZER_NONNULL = YES;
				CLANG_ANALYZER_NUMBER_OBJECT_CONVERSION = YES_AGGRESSIVE;
				CLANG_CXX_LANGUAGE_STANDARD = "gnu++0x";
				CLANG_CXX_LIBRARY = "libc++";
				CLANG_ENABLE_MODULES = YES;
				CLANG_ENABLE_OBJC_ARC = YES;
				CLANG_WARN_BOOL_CONVERSION = YES;
				CLANG_WARN_CONSTANT_CONVERSION = YES;
				CLANG_WARN_DIRECT_OBJC_ISA_USAGE = YES_ERROR;
				CLANG_WARN_DOCUMENTATION_COMMENTS = YES;
				CLANG_WARN_EMPTY_BODY = YES;
				CLANG_WARN_ENUM_CONVERSION = YES;
				CLANG_WARN_INFINITE_RECURSION = YES;
				CLANG_WARN_INT_CONVERSION = YES;
				CLANG_WARN_OBJC_ROOT_CLASS = YES_ERROR;
				CLANG_WARN_SUSPICIOUS_MOVE = YES;
				CLANG_WARN_UNREACHABLE_CODE = YES;
				CLANG_WARN__DUPLICATE_METHOD_MATCH = YES;
				"CODE_SIGN_IDENTITY[sdk=iphoneos*]" = "iPhone Developer";
				COPY_PHASE_STRIP = NO;
				CURRENT_PROJECT_VERSION = 1;
				DEBUG_INFORMATION_FORMAT = "dwarf-with-dsym";
				ENABLE_NS_ASSERTIONS = NO;
				ENABLE_STRICT_OBJC_MSGSEND = YES;
				GCC_C_LANGUAGE_STANDARD = gnu99;
				GCC_NO_COMMON_BLOCKS = YES;
				GCC_WARN_64_TO_32_BIT_CONVERSION = YES;
				GCC_WARN_ABOUT_RETURN_TYPE = YES_ERROR;
				GCC_WARN_UNDECLARED_SELECTOR = YES;
				GCC_WARN_UNINITIALIZED_AUTOS = YES_AGGRESSIVE;
				GCC_WARN_UNUSED_FUNCTION = YES;
				GCC_WARN_UNUSED_VARIABLE = YES;
				IPHONEOS_DEPLOYMENT_TARGET = 10.3;
				MTL_ENABLE_DEBUG_INFO = NO;
				SDKROOT = iphoneos;
				SWIFT_OPTIMIZATION_LEVEL = "-Owholemodule";
				TARGETED_DEVICE_FAMILY = "1,2";
				VALIDATE_PRODUCT = YES;
				VERSIONING_SYSTEM = "apple-generic";
				VERSION_INFO_PREFIX = "";
			};
			name = Release;
		};
		078A83481F127F8B001DE1E7 /* Debug */ = {
			isa = XCBuildConfiguration;
			baseConfigurationReference = 7805A56306A0825FFB9C4D48 /* Pods-retrofire.debug.xcconfig */;
			buildSettings = {
				CLANG_ENABLE_MODULES = YES;
				CODE_SIGN_IDENTITY = "";
				DEFINES_MODULE = YES;
				DEVELOPMENT_TEAM = SWAFF648KE;
				DYLIB_COMPATIBILITY_VERSION = 1;
				DYLIB_CURRENT_VERSION = 1;
				DYLIB_INSTALL_NAME_BASE = "@rpath";
				INFOPLIST_FILE = retrofire/Info.plist;
				INSTALL_PATH = "$(LOCAL_LIBRARY_DIR)/Frameworks";
				LD_RUNPATH_SEARCH_PATHS = "$(inherited) @executable_path/Frameworks @loader_path/Frameworks";
				PRODUCT_BUNDLE_IDENTIFIER = br.com.stant.retrofire;
				PRODUCT_NAME = "$(TARGET_NAME)";
				SKIP_INSTALL = YES;
				SWIFT_OPTIMIZATION_LEVEL = "-Onone";
				SWIFT_VERSION = 3.0;
			};
			name = Debug;
		};
		078A83491F127F8B001DE1E7 /* Release */ = {
			isa = XCBuildConfiguration;
			baseConfigurationReference = 344E6AD1FE0B8C930DFB66BF /* Pods-retrofire.release.xcconfig */;
			buildSettings = {
				CLANG_ENABLE_MODULES = YES;
				CODE_SIGN_IDENTITY = "";
				DEFINES_MODULE = YES;
				DEVELOPMENT_TEAM = SWAFF648KE;
				DYLIB_COMPATIBILITY_VERSION = 1;
				DYLIB_CURRENT_VERSION = 1;
				DYLIB_INSTALL_NAME_BASE = "@rpath";
				INFOPLIST_FILE = retrofire/Info.plist;
				INSTALL_PATH = "$(LOCAL_LIBRARY_DIR)/Frameworks";
				LD_RUNPATH_SEARCH_PATHS = "$(inherited) @executable_path/Frameworks @loader_path/Frameworks";
				PRODUCT_BUNDLE_IDENTIFIER = br.com.stant.retrofire;
				PRODUCT_NAME = "$(TARGET_NAME)";
				SKIP_INSTALL = YES;
				SWIFT_VERSION = 3.0;
			};
			name = Release;
		};
		078A834B1F127F8B001DE1E7 /* Debug */ = {
			isa = XCBuildConfiguration;
			baseConfigurationReference = D8C8BA0DAE93FAF32CFF784A /* Pods-retrofireTests.debug.xcconfig */;
			buildSettings = {
				ALWAYS_EMBED_SWIFT_STANDARD_LIBRARIES = YES;
				DEVELOPMENT_TEAM = SWAFF648KE;
				INFOPLIST_FILE = retrofireTests/Info.plist;
				LD_RUNPATH_SEARCH_PATHS = "$(inherited) @executable_path/Frameworks @loader_path/Frameworks";
				PRODUCT_BUNDLE_IDENTIFIER = br.com.stant.retrofireTests;
				PRODUCT_NAME = "$(TARGET_NAME)";
				SWIFT_VERSION = 3.0;
			};
			name = Debug;
		};
		078A834C1F127F8B001DE1E7 /* Release */ = {
			isa = XCBuildConfiguration;
			baseConfigurationReference = 5E38A0752663921602FFA9FC /* Pods-retrofireTests.release.xcconfig */;
			buildSettings = {
				ALWAYS_EMBED_SWIFT_STANDARD_LIBRARIES = YES;
				DEVELOPMENT_TEAM = SWAFF648KE;
				INFOPLIST_FILE = retrofireTests/Info.plist;
				LD_RUNPATH_SEARCH_PATHS = "$(inherited) @executable_path/Frameworks @loader_path/Frameworks";
				PRODUCT_BUNDLE_IDENTIFIER = br.com.stant.retrofireTests;
				PRODUCT_NAME = "$(TARGET_NAME)";
				SWIFT_VERSION = 3.0;
			};
			name = Release;
		};
/* End XCBuildConfiguration section */

/* Begin XCConfigurationList section */
		078A832D1F127F8B001DE1E7 /* Build configuration list for PBXProject "retrofire" */ = {
			isa = XCConfigurationList;
			buildConfigurations = (
				078A83451F127F8B001DE1E7 /* Debug */,
				078A83461F127F8B001DE1E7 /* Release */,
			);
			defaultConfigurationIsVisible = 0;
			defaultConfigurationName = Release;
		};
		078A83471F127F8B001DE1E7 /* Build configuration list for PBXNativeTarget "retrofire" */ = {
			isa = XCConfigurationList;
			buildConfigurations = (
				078A83481F127F8B001DE1E7 /* Debug */,
				078A83491F127F8B001DE1E7 /* Release */,
			);
			defaultConfigurationIsVisible = 0;
			defaultConfigurationName = Release;
		};
		078A834A1F127F8B001DE1E7 /* Build configuration list for PBXNativeTarget "retrofireTests" */ = {
			isa = XCConfigurationList;
			buildConfigurations = (
				078A834B1F127F8B001DE1E7 /* Debug */,
				078A834C1F127F8B001DE1E7 /* Release */,
			);
			defaultConfigurationIsVisible = 0;
			defaultConfigurationName = Release;
		};
/* End XCConfigurationList section */
	};
	rootObject = 078A832A1F127F8B001DE1E7 /* Project object */;
}
